
Microsoft Visual Studio Solution File, Format Version 12.00
# Visual Studio Version 17
VisualStudioVersion = 17.6.33801.468
MinimumVisualStudioVersion = 10.0.40219.1
Project("{FAE04EC0-301F-11D3-BF4B-00C04F79EFBC}") = "PracticeProblemGenerics", "PracticeProblemGenerics\PracticeProblemGenerics.csproj", "{62CF6828-9122-46EF-A48F-DEEAC8B4BE84}"
EndProject
Global
	GlobalSection(SolutionConfigurationPlatforms) = preSolution
		Debug|Any CPU = Debug|Any CPU
		Release|Any CPU = Release|Any CPU
	EndGlobalSection
	GlobalSection(ProjectConfigurationPlatforms) = postSolution
		{62CF6828-9122-46EF-A48F-DEEAC8B4BE84}.Debug|Any CPU.ActiveCfg = Debug|Any CPU
		{62CF6828-9122-46EF-A48F-DEEAC8B4BE84}.Debug|Any CPU.Build.0 = Debug|Any CPU
		{62CF6828-9122-46EF-A48F-DEEAC8B4BE84}.Release|Any CPU.ActiveCfg = Release|Any CPU
		{62CF6828-9122-46EF-A48F-DEEAC8B4BE84}.Release|Any CPU.Build.0 = Release|Any CPU
	EndGlobalSection
	GlobalSection(SolutionProperties) = preSolution
		HideSolutionNode = FALSE
	EndGlobalSection
	GlobalSection(ExtensibilityGlobals) = postSolution
		SolutionGuid = {8B7AA9E0-716B-4515-94E6-A850DF9012BF}
	EndGlobalSection
EndGlobal
